{
  "version": 2,
  "dependencies": {
    "net10.0": {
      "Microsoft.ML": {
        "type": "Direct",
        "requested": "[5.0.0, )",
        "resolved": "5.0.0",
        "contentHash": "clHLX6bjcRpuHDRkXwkm/gSILifT0DOXXzgor4kBhjTkz5G419BCXhZ1xVk/GsMH6koqWwMONjQKzSSCSVZrIQ==",
        "dependencies": {
          "Microsoft.Bcl.AsyncInterfaces": "9.0.4",
          "Microsoft.ML.CpuMath": "5.0.0",
          "Microsoft.ML.DataView": "5.0.0",
          "Newtonsoft.Json": "13.0.3",
          "System.CodeDom": "9.0.4",
          "System.Numerics.Tensors": "9.0.4"
        }
      },
      "Microsoft.ML.LightGbm": {
        "type": "Direct",
        "requested": "[5.0.0, )",
        "resolved": "5.0.0",
        "contentHash": "IYAeDalw02exK9i510m9zc625CxZVfWVMJlbvnfIj7NBF6tUm8XzWQ7C6uXJr2SdK14/6SZqGDiFHVeU4G5A/g==",
        "dependencies": {
          "LightGBM": "4.6.0",
          "Microsoft.Bcl.AsyncInterfaces": "9.0.4",
          "Microsoft.ML": "5.0.0",
          "Microsoft.ML.FastTree": "5.0.0",
          "Newtonsoft.Json": "13.0.3",
          "System.CodeDom": "9.0.4",
          "System.Numerics.Tensors": "9.0.4"
        }
      },
      "LightGBM": {
        "type": "Transitive",
        "resolved": "4.6.0",
        "contentHash": "BVzUkYViYacaEH7gsM5y6Wf2rwlcEToQb24kyKhjKtwRRdKnVYmJ3kw0r21woickk5GdBpxCAQ3az3/t0+nFJw=="
      },
      "Microsoft.Bcl.AsyncInterfaces": {
        "type": "Transitive",
        "resolved": "9.0.4",
        "contentHash": "9VGI5kxIvrNG2mqLQZnUR6y/3fcnygD8eNpHR+CqfbnIXvea6nehnYknDKQTxZVPMpzpNca+7DxLBmpdB3q0Bw=="
      },
      "Microsoft.ML.CpuMath": {
        "type": "Transitive",
        "resolved": "5.0.0",
        "contentHash": "Qv0OeYmFkzDC9AjfJfUUTiIYcnb49K5oGtUUOIkr0BrApqWm6niHZqCrD3iJJi2BORbto/eEfP7/+uNqHxGvYg==",
        "dependencies": {
          "System.Numerics.Tensors": "9.0.4"
        }
      },
      "Microsoft.ML.DataView": {
        "type": "Transitive",
        "resolved": "5.0.0",
        "contentHash": "G8onJ9msBpLYea29WyG+NRV010rg75hJDUIEK3+sSDFAR0OV5p74QjZWnpNbyhT8OkAJdSNkif4l9/iCWZ2LOQ=="
      },
      "Microsoft.ML.FastTree": {
        "type": "Transitive",
        "resolved": "5.0.0",
        "contentHash": "ZcqAHfHlG9AMNlDd5OXuuw2uv+ZWa3c43yf1RNWqIRaLbwsLOpKja7kZ8Q0xkyyo2z9Bb2zKhsHtc8wV1CJojg==",
        "dependencies": {
          "Microsoft.Bcl.AsyncInterfaces": "9.0.4",
          "Microsoft.ML": "5.0.0",
          "Newtonsoft.Json": "13.0.3",
          "System.CodeDom": "9.0.4"
        }
      },
      "Newtonsoft.Json": {
        "type": "Transitive",
        "resolved": "13.0.3",
        "contentHash": "HrC5BXdl00IP9zeV+0Z848QWPAoCr9P3bDEZguI+gkLcBKAOxix/tLEAAHC+UvDNPv4a2d18lOReHMOagPa+zQ=="
      },
      "System.CodeDom": {
        "type": "Transitive",
        "resolved": "9.0.4",
        "contentHash": "aJdv7Z87PoPW8ijvGIincocooYRbH3Umtlz7OrJKf6GDInbdu1bvk5X1fFlmbl7WP+9ntoIBd7NjKz+siVFdHA=="
      },
      "System.Numerics.Tensors": {
        "type": "Transitive",
        "resolved": "9.0.4",
        "contentHash": "ynVvqELpMWGQJ1Y90rlAmuTiSQIkXD0W5AMj7pVpEjECmrcIJLexIBblgccerHFijayfcsl1KCbkk+Sg5cS9vQ=="
      },
      "travmodel.application": {
        "type": "Project",
        "dependencies": {
          "TravModel.Domain": "[1.0.0, )"
        }
      },
      "travmodel.domain": {
        "type": "Project"
      }
    }
  }
}